
Microsoft Visual Studio Solution File, Format Version 12.00
# Visual Studio Version 16
VisualStudioVersion = 16.0.29905.134
MinimumVisualStudioVersion = 10.0.40219.1
Project("{FAE04EC0-301F-11D3-BF4B-00C04F79EFBC}") = "ConsoleApp2", "ConsoleApp2.csproj", "{3C8B841D-4A86-4165-B731-172063419F34}"
EndProject
Global
	GlobalSection(SolutionConfigurationPlatforms) = preSolution
		Debug|Any CPU = Debug|Any CPU
		Release|Any CPU = Release|Any CPU
	EndGlobalSection
	GlobalSection(ProjectConfigurationPlatforms) = postSolution
		{3C8B841D-4A86-4165-B731-172063419F34}.Debug|Any CPU.ActiveCfg = Debug|Any CPU
		{3C8B841D-4A86-4165-B731-172063419F34}.Debug|Any CPU.Build.0 = Debug|Any CPU
		{3C8B841D-4A86-4165-B731-172063419F34}.Release|Any CPU.ActiveCfg = Release|Any CPU
		{3C8B841D-4A86-4165-B731-172063419F34}.Release|Any CPU.Build.0 = Release|Any CPU
	EndGlobalSection
	GlobalSection(SolutionProperties) = preSolution
		HideSolutionNode = FALSE
	EndGlobalSection
	GlobalSection(ExtensibilityGlobals) = postSolution
		SolutionGuid = {00F9B710-E81E-465C-9DF0-C81E3CE133C6}
	EndGlobalSection
EndGlobal
